// !$*UTF8*$!
{
	archiveVersion = 1;
	classes = {
	};
	objectVersion = 77;
	objects = {

/* Begin PBXBuildFile section */
		19FA4E8636B53F1050AE2CA9 /* Endpoints.swift in Sources */ = {isa = PBXBuildFile; fileRef = 4D6234CBB356DE13CDA343F8 /* Endpoints.swift */; };
		2AB64CC0CEDE12A34C907BBA /* WhereInfo.swift in Sources */ = {isa = PBXBuildFile; fileRef = 9CBD43D1A670C9BAEF3469D9 /* WhereInfo.swift */; };
		2DC3542074CB7F002454ACAD /* I18n.swift in Sources */ = {isa = PBXBuildFile; fileRef = 5C95F894E20992ACD8943CCE /* I18n.swift */; };
		371C629EF39D5F021B201D40 /* Assets.xcassets in Resources */ = {isa = PBXBuildFile; fileRef = F04DD2F3D03BC136C540D70B /* Assets.xcassets */; };
		4610262F32B3DA70E5D8D704 /* FilmowoApp.swift in Sources */ = {isa = PBXBuildFile; fileRef = 50F404784530ADEDAE519851 /* FilmowoApp.swift */; };
		5696578FD08C42052BFDA5F1 /* RegionResolver.swift in Sources */ = {isa = PBXBuildFile; fileRef = FEABEB0A203D84FB5068AA35 /* RegionResolver.swift */; };
		572FFE75BCE2B4B52E810CBE /* Rating.swift in Sources */ = {isa = PBXBuildFile; fileRef = 5623B4D7E1E27FC54E51C609 /* Rating.swift */; };
		65EB9F491AB8AD9571209272 /* SmokeTests.swift in Sources */ = {isa = PBXBuildFile; fileRef = 33193B693386A14D57F30BBF /* SmokeTests.swift */; };
		6D6E40130A8F8EC703E66F87 /* Card.swift in Sources */ = {isa = PBXBuildFile; fileRef = B995396413E34EE01D0B7DDE /* Card.swift */; };
		787770015289E08BD83C01F8 /* LaunchUITests.swift in Sources */ = {isa = PBXBuildFile; fileRef = 04A42284F5F87007B6C6FF45 /* LaunchUITests.swift */; };
		908F8E7F49D41879C56AE345 /* Catalog.swift in Sources */ = {isa = PBXBuildFile; fileRef = 95A069249634F63BCE9EEEEF /* Catalog.swift */; };
		9C79A4A3CAC8F1E505CEBBD6 /* Decoding.swift in Sources */ = {isa = PBXBuildFile; fileRef = A5ECBE476754B3BEF36A067A /* Decoding.swift */; };
		BC292D1BD136430635AC08F0 /* Feed.swift in Sources */ = {isa = PBXBuildFile; fileRef = 3640AB7E95B21648EB97BFA5 /* Feed.swift */; };
		C5BFC02ED39DC7955AD858E8 /* RootView.swift in Sources */ = {isa = PBXBuildFile; fileRef = 7218C798A82711CE2A165D4B /* RootView.swift */; };
		FFDECE161EAD7D7BCA12B794 /* Me.swift in Sources */ = {isa = PBXBuildFile; fileRef = F0479BE0CC59E5E9CD989AF4 /* Me.swift */; };
/* End PBXBuildFile section */

/* Begin PBXContainerItemProxy section */
		3BB0935ED40DA55078EF144D /* PBXContainerItemProxy */ = {
			isa = PBXContainerItemProxy;
			containerPortal = 12F0ECBF9291D0094A9E047F /* Project object */;
			proxyType = 1;
			remoteGlobalIDString = F4A1CA7826241D9DADDAFA48;
			remoteInfo = Filmowo;
		};
		63265C180AFAAC8C965A2FCE /* PBXContainerItemProxy */ = {
			isa = PBXContainerItemProxy;
			containerPortal = 12F0ECBF9291D0094A9E047F /* Project object */;
			proxyType = 1;
			remoteGlobalIDString = F4A1CA7826241D9DADDAFA48;
			remoteInfo = Filmowo;
		};
/* End PBXContainerItemProxy section */

/* Begin PBXFileReference section */
		04A42284F5F87007B6C6FF45 /* LaunchUITests.swift */ = {isa = PBXFileReference; lastKnownFileType = sourcecode.swift; path = LaunchUITests.swift; sourceTree = "<group>"; };
		17235E22E8D6B632118D558F /* Info.plist */ = {isa = PBXFileReference; lastKnownFileType = text.plist; path = Info.plist; sourceTree = "<group>"; };
		33193B693386A14D57F30BBF /* SmokeTests.swift */ = {isa = PBXFileReference; lastKnownFileType = sourcecode.swift; path = SmokeTests.swift; sourceTree = "<group>"; };
		3640AB7E95B21648EB97BFA5 /* Feed.swift */ = {isa = PBXFileReference; lastKnownFileType = sourcecode.swift; path = Feed.swift; sourceTree = "<group>"; };
		4857C9D9AEB52B8106BC3970 /* FilmowoUITests.xctest */ = {isa = PBXFileReference; includeInIndex = 0; lastKnownFileType = wrapper.cfbundle; path = FilmowoUITests.xctest; sourceTree = BUILT_PRODUCTS_DIR; };
		4D6234CBB356DE13CDA343F8 /* Endpoints.swift */ = {isa = PBXFileReference; lastKnownFileType = sourcecode.swift; path = Endpoints.swift; sourceTree = "<group>"; };
		50F404784530ADEDAE519851 /* FilmowoApp.swift */ = {isa = PBXFileReference; lastKnownFileType = sourcecode.swift; path = FilmowoApp.swift; sourceTree = "<group>"; };
		5623B4D7E1E27FC54E51C609 /* Rating.swift */ = {isa = PBXFileReference; lastKnownFileType = sourcecode.swift; path = Rating.swift; sourceTree = "<group>"; };
		5C95F894E20992ACD8943CCE /* I18n.swift */ = {isa = PBXFileReference; lastKnownFileType = sourcecode.swift; path = I18n.swift; sourceTree = "<group>"; };
		7218C798A82711CE2A165D4B /* RootView.swift */ = {isa = PBXFileReference; lastKnownFileType = sourcecode.swift; path = RootView.swift; sourceTree = "<group>"; };
		83F46537A1D17468923528D7 /* Filmowo.app */ = {isa = PBXFileReference; includeInIndex = 0; lastKnownFileType = wrapper.application; path = Filmowo.app; sourceTree = BUILT_PRODUCTS_DIR; };
		95A069249634F63BCE9EEEEF /* Catalog.swift */ = {isa = PBXFileReference; lastKnownFileType = sourcecode.swift; path = Catalog.swift; sourceTree = "<group>"; };
		9CBD43D1A670C9BAEF3469D9 /* WhereInfo.swift */ = {isa = PBXFileReference; lastKnownFileType = sourcecode.swift; path = WhereInfo.swift; sourceTree = "<group>"; };
		A5ECBE476754B3BEF36A067A /* Decoding.swift */ = {isa = PBXFileReference; lastKnownFileType = sourcecode.swift; path = Decoding.swift; sourceTree = "<group>"; };
		B79985D96654DA2492D6EB22 /* FilmowoTests.xctest */ = {isa = PBXFileReference; includeInIndex = 0; lastKnownFileType = wrapper.cfbundle; path = FilmowoTests.xctest; sourceTree = BUILT_PRODUCTS_DIR; };
		B995396413E34EE01D0B7DDE /* Card.swift */ = {isa = PBXFileReference; lastKnownFileType = sourcecode.swift; path = Card.swift; sourceTree = "<group>"; };
		F0479BE0CC59E5E9CD989AF4 /* Me.swift */ = {isa = PBXFileReference; lastKnownFileType = sourcecode.swift; path = Me.swift; sourceTree = "<group>"; };
		F04DD2F3D03BC136C540D70B /* Assets.xcassets */ = {isa = PBXFileReference; lastKnownFileType = folder.assetcatalog; path = Assets.xcassets; sourceTree = "<group>"; };
		FEABEB0A203D84FB5068AA35 /* RegionResolver.swift */ = {isa = PBXFileReference; lastKnownFileType = sourcecode.swift; path = RegionResolver.swift; sourceTree = "<group>"; };
/* End PBXFileReference section */

/* Begin PBXGroup section */
		1D6DB99186F68B1B9725E52D /* FilmowoUITests */ = {
			isa = PBXGroup;
			children = (
				04A42284F5F87007B6C6FF45 /* LaunchUITests.swift */,
			);
			path = FilmowoUITests;
			sourceTree = "<group>";
		};
		3F132A10C48ED772B2EE90AB /* Filmowo */ = {
			isa = PBXGroup;
			children = (
				F04DD2F3D03BC136C540D70B /* Assets.xcassets */,
				50F404784530ADEDAE519851 /* FilmowoApp.swift */,
				17235E22E8D6B632118D558F /* Info.plist */,
				7218C798A82711CE2A165D4B /* RootView.swift */,
			);
			path = Filmowo;
			sourceTree = "<group>";
		};
		57AE5C7ABB0BC4A4C5872C80 /* FilmowoCore */ = {
			isa = PBXGroup;
			children = (
				A5ECBE476754B3BEF36A067A /* Decoding.swift */,
				4D6234CBB356DE13CDA343F8 /* Endpoints.swift */,
				5C95F894E20992ACD8943CCE /* I18n.swift */,
				FEABEB0A203D84FB5068AA35 /* RegionResolver.swift */,
				76BD0EA191254EFBCDF241B9 /* Models */,
			);
			path = FilmowoCore;
			sourceTree = "<group>";
		};
		60C2BE36638FF5243B7B4FCE /* FilmowoTests */ = {
			isa = PBXGroup;
			children = (
				33193B693386A14D57F30BBF /* SmokeTests.swift */,
			);
			path = FilmowoTests;
			sourceTree = "<group>";
		};
		76BD0EA191254EFBCDF241B9 /* Models */ = {
			isa = PBXGroup;
			children = (
				B995396413E34EE01D0B7DDE /* Card.swift */,
				95A069249634F63BCE9EEEEF /* Catalog.swift */,
				3640AB7E95B21648EB97BFA5 /* Feed.swift */,
				F0479BE0CC59E5E9CD989AF4 /* Me.swift */,
				5623B4D7E1E27FC54E51C609 /* Rating.swift */,
				9CBD43D1A670C9BAEF3469D9 /* WhereInfo.swift */,
			);
			path = Models;
			sourceTree = "<group>";
		};
		9EBF712ABEE0E7CB2F7FB7B5 /* Products */ = {
			isa = PBXGroup;
			children = (
				83F46537A1D17468923528D7 /* Filmowo.app */,
				B79985D96654DA2492D6EB22 /* FilmowoTests.xctest */,
				4857C9D9AEB52B8106BC3970 /* FilmowoUITests.xctest */,
			);
			name = Products;
			sourceTree = "<group>";
		};
		A49ADB98668D1F4A6734A94B = {
			isa = PBXGroup;
			children = (
				3F132A10C48ED772B2EE90AB /* Filmowo */,
				57AE5C7ABB0BC4A4C5872C80 /* FilmowoCore */,
				60C2BE36638FF5243B7B4FCE /* FilmowoTests */,
				1D6DB99186F68B1B9725E52D /* FilmowoUITests */,
				9EBF712ABEE0E7CB2F7FB7B5 /* Products */,
			);
			sourceTree = "<group>";
		};
/* End PBXGroup section */

/* Begin PBXNativeTarget section */
		10E822B33DD37DDE186698E9 /* FilmowoUITests */ = {
			isa = PBXNativeTarget;
			buildConfigurationList = 0951FA750492D2DB2EA63499 /* Build configuration list for PBXNativeTarget "FilmowoUITests" */;
			buildPhases = (
				AAD835BBB653F93708D21F1C /* Sources */,
			);
			buildRules = (
			);
			dependencies = (
				B9D7B9D71EA2503D090FF845 /* PBXTargetDependency */,
			);
			name = FilmowoUITests;
			packageProductDependencies = (
			);
			productName = FilmowoUITests;
			productReference = 4857C9D9AEB52B8106BC3970 /* FilmowoUITests.xctest */;
			productType = "com.apple.product-type.bundle.ui-testing";
		};
		307999B2A1A3D2B3CC46FD6E /* FilmowoTests */ = {
			isa = PBXNativeTarget;
			buildConfigurationList = D99717A0AA9AE0B744A59D5F /* Build configuration list for PBXNativeTarget "FilmowoTests" */;
			buildPhases = (
				DA12A126D8FD7D73C4275734 /* Sources */,
			);
			buildRules = (
			);
			dependencies = (
				52C3061F75700501A98170F4 /* PBXTargetDependency */,
			);
			name = FilmowoTests;
			packageProductDependencies = (
			);
			productName = FilmowoTests;
			productReference = B79985D96654DA2492D6EB22 /* FilmowoTests.xctest */;
			productType = "com.apple.product-type.bundle.unit-test";
		};
		F4A1CA7826241D9DADDAFA48 /* Filmowo */ = {
			isa = PBXNativeTarget;
			buildConfigurationList = E8EB70D218E4919EE83C9D72 /* Build configuration list for PBXNativeTarget "Filmowo" */;
			buildPhases = (
				230F59E1CE319D34A5BC6F0C /* Sources */,
				46111E83EB65D23AA1DFE860 /* Resources */,
			);
			buildRules = (
			);
			dependencies = (
			);
			name = Filmowo;
			packageProductDependencies = (
			);
			productName = Filmowo;
			productReference = 83F46537A1D17468923528D7 /* Filmowo.app */;
			productType = "com.apple.product-type.application";
		};
/* End PBXNativeTarget section */

/* Begin PBXProject section */
		12F0ECBF9291D0094A9E047F /* Project object */ = {
			isa = PBXProject;
			attributes = {
				BuildIndependentTargetsInParallel = YES;
				LastUpgradeCheck = 1430;
				TargetAttributes = {
					10E822B33DD37DDE186698E9 = {
						ProvisioningStyle = Automatic;
						TestTargetID = F4A1CA7826241D9DADDAFA48;
					};
					307999B2A1A3D2B3CC46FD6E = {
						ProvisioningStyle = Automatic;
					};
					F4A1CA7826241D9DADDAFA48 = {
						ProvisioningStyle = Automatic;
					};
				};
			};
			buildConfigurationList = 156F6AE58853FAAF384FFDC3 /* Build configuration list for PBXProject "Filmowo" */;
			developmentRegion = en;
			hasScannedForEncodings = 0;
			knownRegions = (
				Base,
				en,
			);
			mainGroup = A49ADB98668D1F4A6734A94B;
			minimizedProjectReferenceProxies = 1;
			preferredProjectObjectVersion = 77;
			productRefGroup = 9EBF712ABEE0E7CB2F7FB7B5 /* Products */;
			projectDirPath = "";
			projectRoot = "";
			targets = (
				F4A1CA7826241D9DADDAFA48 /* Filmowo */,
				307999B2A1A3D2B3CC46FD6E /* FilmowoTests */,
				10E822B33DD37DDE186698E9 /* FilmowoUITests */,
			);
		};
/* End PBXProject section */

/* Begin PBXResourcesBuildPhase section */
		46111E83EB65D23AA1DFE860 /* Resources */ = {
			isa = PBXResourcesBuildPhase;
			buildActionMask = 2147483647;
			files = (
				371C629EF39D5F021B201D40 /* Assets.xcassets in Resources */,
			);
			runOnlyForDeploymentPostprocessing = 0;
		};
/* End PBXResourcesBuildPhase section */

/* Begin PBXSourcesBuildPhase section */
		230F59E1CE319D34A5BC6F0C /* Sources */ = {
			isa = PBXSourcesBuildPhase;
			buildActionMask = 2147483647;
			files = (
				6D6E40130A8F8EC703E66F87 /* Card.swift in Sources */,
				908F8E7F49D41879C56AE345 /* Catalog.swift in Sources */,
				9C79A4A3CAC8F1E505CEBBD6 /* Decoding.swift in Sources */,
				19FA4E8636B53F1050AE2CA9 /* Endpoints.swift in Sources */,
				BC292D1BD136430635AC08F0 /* Feed.swift in Sources */,
				4610262F32B3DA70E5D8D704 /* FilmowoApp.swift in Sources */,
				2DC3542074CB7F002454ACAD /* I18n.swift in Sources */,
				FFDECE161EAD7D7BCA12B794 /* Me.swift in Sources */,
				572FFE75BCE2B4B52E810CBE /* Rating.swift in Sources */,
				5696578FD08C42052BFDA5F1 /* RegionResolver.swift in Sources */,
				C5BFC02ED39DC7955AD858E8 /* RootView.swift in Sources */,
				2AB64CC0CEDE12A34C907BBA /* WhereInfo.swift in Sources */,
			);
			runOnlyForDeploymentPostprocessing = 0;
		};
		AAD835BBB653F93708D21F1C /* Sources */ = {
			isa = PBXSourcesBuildPhase;
			buildActionMask = 2147483647;
			files = (
				787770015289E08BD83C01F8 /* LaunchUITests.swift in Sources */,
			);
			runOnlyForDeploymentPostprocessing = 0;
		};
		DA12A126D8FD7D73C4275734 /* Sources */ = {
			isa = PBXSourcesBuildPhase;
			buildActionMask = 2147483647;
			files = (
				65EB9F491AB8AD9571209272 /* SmokeTests.swift in Sources */,
			);
			runOnlyForDeploymentPostprocessing = 0;
		};
/* End PBXSourcesBuildPhase section */

/* Begin PBXTargetDependency section */
		52C3061F75700501A98170F4 /* PBXTargetDependency */ = {
			isa = PBXTargetDependency;
			target = F4A1CA7826241D9DADDAFA48 /* Filmowo */;
			targetProxy = 63265C180AFAAC8C965A2FCE /* PBXContainerItemProxy */;
		};
		B9D7B9D71EA2503D090FF845 /* PBXTargetDependency */ = {
			isa = PBXTargetDependency;
			target = F4A1CA7826241D9DADDAFA48 /* Filmowo */;
			targetProxy = 3BB0935ED40DA55078EF144D /* PBXContainerItemProxy */;
		};
/* End PBXTargetDependency section */

/* Begin XCBuildConfiguration section */
		18A3739D177FD68E6BAD178A /* Release */ = {
			isa = XCBuildConfiguration;
			buildSettings = {
				BUNDLE_LOADER = "$(TEST_HOST)";
				GENERATE_INFOPLIST_FILE = YES;
				LD_RUNPATH_SEARCH_PATHS = (
					"$(inherited)",
					"@executable_path/Frameworks",
					"@loader_path/Frameworks",
				);
				PRODUCT_BUNDLE_IDENTIFIER = pl.filmowo.FilmowoUITests;
				SDKROOT = iphoneos;
				TARGETED_DEVICE_FAMILY = "1,2";
				TEST_TARGET_NAME = Filmowo;
			};
			name = Release;
		};
		2EDE8AD77A3ED7D7CB9460FE /* Debug */ = {
			isa = XCBuildConfiguration;
			buildSettings = {
				BUNDLE_LOADER = "$(TEST_HOST)";
				GENERATE_INFOPLIST_FILE = YES;
				LD_RUNPATH_SEARCH_PATHS = (
					"$(inherited)",
					"@executable_path/Frameworks",
					"@loader_path/Frameworks",
				);
				PRODUCT_BUNDLE_IDENTIFIER = pl.filmowo.FilmowoTests;
				SDKROOT = iphoneos;
				TARGETED_DEVICE_FAMILY = "1,2";
				TEST_HOST = "$(BUILT_PRODUCTS_DIR)/Filmowo.app/$(BUNDLE_EXECUTABLE_FOLDER_PATH)/Filmowo";
			};
			name = Debug;
		};
		36190D4A36304499C460771B /* Debug */ = {
			isa = XCBuildConfiguration;
			buildSettings = {
				ALWAYS_SEARCH_USER_PATHS = NO;
				CLANG_ANALYZER_NONNULL = YES;
				CLANG_ANALYZER_NUMBER_OBJECT_CONVERSION = YES_AGGRESSIVE;
				CLANG_CXX_LANGUAGE_STANDARD = "gnu++14";
				CLANG_CXX_LIBRARY = "libc++";
				CLANG_ENABLE_MODULES = YES;
				CLANG_ENABLE_OBJC_ARC = YES;
				CLANG_ENABLE_OBJC_WEAK = YES;
				CLANG_WARN_BLOCK_CAPTURE_AUTORELEASING = YES;
				CLANG_WARN_BOOL_CONVERSION = YES;
				CLANG_WARN_COMMA = YES;
				CLANG_WARN_CONSTANT_CONVERSION = YES;
				CLANG_WARN_DEPRECATED_OBJC_IMPLEMENTATIONS = YES;
				CLANG_WARN_DIRECT_OBJC_ISA_USAGE = YES_ERROR;
				CLANG_WARN_DOCUMENTATION_COMMENTS = YES;
				CLANG_WARN_EMPTY_BODY = YES;
				CLANG_WARN_ENUM_CONVERSION = YES;
				CLANG_WARN_INFINITE_RECURSION = YES;
				CLANG_WARN_INT_CONVERSION = YES;
				CLANG_WARN_NON_LITERAL_NULL_CONVERSION = YES;
				CLANG_WARN_OBJC_IMPLICIT_RETAIN_SELF = YES;
				CLANG_WARN_OBJC_LITERAL_CONVERSION = YES;
				CLANG_WARN_OBJC_ROOT_CLASS = YES_ERROR;
				CLANG_WARN_QUOTED_INCLUDE_IN_FRAMEWORK_HEADER = YES;
				CLANG_WARN_RANGE_LOOP_ANALYSIS = YES;
				CLANG_WARN_STRICT_PROTOTYPES = YES;
				CLANG_WARN_SUSPICIOUS_MOVE = YES;
				CLANG_WARN_UNGUARDED_AVAILABILITY = YES_AGGRESSIVE;
				CLANG_WARN_UNREACHABLE_CODE = YES;
				CLANG_WARN__DUPLICATE_METHOD_MATCH = YES;
				CODE_SIGN_STYLE = Automatic;
				COPY_PHASE_STRIP = NO;
				CURRENT_PROJECT_VERSION = 1;
				DEBUG_INFORMATION_FORMAT = dwarf;
				ENABLE_STRICT_OBJC_MSGSEND = YES;
				ENABLE_TESTABILITY = YES;
				GCC_C_LANGUAGE_STANDARD = gnu11;
				GCC_DYNAMIC_NO_PIC = NO;
				GCC_NO_COMMON_BLOCKS = YES;
				GCC_OPTIMIZATION_LEVEL = 0;
				GCC_PREPROCESSOR_DEFINITIONS = (
					"$(inherited)",
					"DEBUG=1",
				);
				GCC_WARN_64_TO_32_BIT_CONVERSION = YES;
				GCC_WARN_ABOUT_RETURN_TYPE = YES_ERROR;
				GCC_WARN_UNDECLARED_SELECTOR = YES;
				GCC_WARN_UNINITIALIZED_AUTOS = YES_AGGRESSIVE;
				GCC_WARN_UNUSED_FUNCTION = YES;
				GCC_WARN_UNUSED_VARIABLE = YES;
				IPHONEOS_DEPLOYMENT_TARGET = 16.0;
				MARKETING_VERSION = 1.0;
				MTL_ENABLE_DEBUG_INFO = INCLUDE_SOURCE;
				MTL_FAST_MATH = YES;
				ONLY_ACTIVE_ARCH = YES;
				PRODUCT_NAME = "$(TARGET_NAME)";
				SDKROOT = iphoneos;
				SWIFT_ACTIVE_COMPILATION_CONDITIONS = DEBUG;
				SWIFT_OPTIMIZATION_LEVEL = "-Onone";
				SWIFT_VERSION = 5.0;
				TARGETED_DEVICE_FAMILY = "1,2";
			};
			name = Debug;
		};
		5F7D20C347B6D6BBD32CF620 /* Release */ = {
			isa = XCBuildConfiguration;
			buildSettings = {
				ALWAYS_SEARCH_USER_PATHS = NO;
				CLANG_ANALYZER_NONNULL = YES;
				CLANG_ANALYZER_NUMBER_OBJECT_CONVERSION = YES_AGGRESSIVE;
				CLANG_CXX_LANGUAGE_STANDARD = "gnu++14";
				CLANG_CXX_LIBRARY = "libc++";
				CLANG_ENABLE_MODULES = YES;
				CLANG_ENABLE_OBJC_ARC = YES;
				CLANG_ENABLE_OBJC_WEAK = YES;
				CLANG_WARN_BLOCK_CAPTURE_AUTORELEASING = YES;
				CLANG_WARN_BOOL_CONVERSION = YES;
				CLANG_WARN_COMMA = YES;
				CLANG_WARN_CONSTANT_CONVERSION = YES;
				CLANG_WARN_DEPRECATED_OBJC_IMPLEMENTATIONS = YES;
				CLANG_WARN_DIRECT_OBJC_ISA_USAGE = YES_ERROR;
				CLANG_WARN_DOCUMENTATION_COMMENTS = YES;
				CLANG_WARN_EMPTY_BODY = YES;
				CLANG_WARN_ENUM_CONVERSION = YES;
				CLANG_WARN_INFINITE_RECURSION = YES;
				CLANG_WARN_INT_CONVERSION = YES;
				CLANG_WARN_NON_LITERAL_NULL_CONVERSION = YES;
				CLANG_WARN_OBJC_IMPLICIT_RETAIN_SELF = YES;
				CLANG_WARN_OBJC_LITERAL_CONVERSION = YES;
				CLANG_WARN_OBJC_ROOT_CLASS = YES_ERROR;
				CLANG_WARN_QUOTED_INCLUDE_IN_FRAMEWORK_HEADER = YES;
				CLANG_WARN_RANGE_LOOP_ANALYSIS = YES;
				CLANG_WARN_STRICT_PROTOTYPES = YES;
				CLANG_WARN_SUSPICIOUS_MOVE = YES;
				CLANG_WARN_UNGUARDED_AVAILABILITY = YES_AGGRESSIVE;
				CLANG_WARN_UNREACHABLE_CODE = YES;
				CLANG_WARN__DUPLICATE_METHOD_MATCH = YES;
				CODE_SIGN_STYLE = Automatic;
				COPY_PHASE_STRIP = NO;
				CURRENT_PROJECT_VERSION = 1;
				DEBUG_INFORMATION_FORMAT = "dwarf-with-dsym";
				ENABLE_NS_ASSERTIONS = NO;
				ENABLE_STRICT_OBJC_MSGSEND = YES;
				GCC_C_LANGUAGE_STANDARD = gnu11;
				GCC_NO_COMMON_BLOCKS = YES;
				GCC_WARN_64_TO_32_BIT_CONVERSION = YES;
				GCC_WARN_ABOUT_RETURN_TYPE = YES_ERROR;
				GCC_WARN_UNDECLARED_SELECTOR = YES;
				GCC_WARN_UNINITIALIZED_AUTOS = YES_AGGRESSIVE;
				GCC_WARN_UNUSED_FUNCTION = YES;
				GCC_WARN_UNUSED_VARIABLE = YES;
				IPHONEOS_DEPLOYMENT_TARGET = 16.0;
				MARKETING_VERSION = 1.0;
				MTL_ENABLE_DEBUG_INFO = NO;
				MTL_FAST_MATH = YES;
				PRODUCT_NAME = "$(TARGET_NAME)";
				SDKROOT = iphoneos;
				SWIFT_COMPILATION_MODE = wholemodule;
				SWIFT_OPTIMIZATION_LEVEL = "-O";
				SWIFT_VERSION = 5.0;
				TARGETED_DEVICE_FAMILY = "1,2";
			};
			name = Release;
		};
		7847CA3F422A1FB4C7BE80D3 /* Debug */ = {
			isa = XCBuildConfiguration;
			buildSettings = {
				BUNDLE_LOADER = "$(TEST_HOST)";
				GENERATE_INFOPLIST_FILE = YES;
				LD_RUNPATH_SEARCH_PATHS = (
					"$(inherited)",
					"@executable_path/Frameworks",
					"@loader_path/Frameworks",
				);
				PRODUCT_BUNDLE_IDENTIFIER = pl.filmowo.FilmowoUITests;
				SDKROOT = iphoneos;
				TARGETED_DEVICE_FAMILY = "1,2";
				TEST_TARGET_NAME = Filmowo;
			};
			name = Debug;
		};
		A2A1A36BA74445145B3D52CE /* Release */ = {
			isa = XCBuildConfiguration;
			buildSettings = {
				ASSETCATALOG_COMPILER_APPICON_NAME = AppIcon;
				ASSETCATALOG_COMPILER_GLOBAL_ACCENT_COLOR_NAME = AccentColor;
				CODE_SIGN_IDENTITY = "iPhone Developer";
				ENABLE_PREVIEWS = YES;
				GENERATE_INFOPLIST_FILE = NO;
				INFOPLIST_FILE = Filmowo/Info.plist;
				LD_RUNPATH_SEARCH_PATHS = (
					"$(inherited)",
					"@executable_path/Frameworks",
				);
				PRODUCT_BUNDLE_IDENTIFIER = pl.filmowo.Filmowo;
				SDKROOT = iphoneos;
				TARGETED_DEVICE_FAMILY = "1,2";
			};
			name = Release;
		};
		B258D7C96F2053B79A2039A9 /* Release */ = {
			isa = XCBuildConfiguration;
			buildSettings = {
				BUNDLE_LOADER = "$(TEST_HOST)";
				GENERATE_INFOPLIST_FILE = YES;
				LD_RUNPATH_SEARCH_PATHS = (
					"$(inherited)",
					"@executable_path/Frameworks",
					"@loader_path/Frameworks",
				);
				PRODUCT_BUNDLE_IDENTIFIER = pl.filmowo.FilmowoTests;
				SDKROOT = iphoneos;
				TARGETED_DEVICE_FAMILY = "1,2";
				TEST_HOST = "$(BUILT_PRODUCTS_DIR)/Filmowo.app/$(BUNDLE_EXECUTABLE_FOLDER_PATH)/Filmowo";
			};
			name = Release;
		};
		ECD2F6F19B9ECD92A6F2949F /* Debug */ = {
			isa = XCBuildConfiguration;
			buildSettings = {
				ASSETCATALOG_COMPILER_APPICON_NAME = AppIcon;
				ASSETCATALOG_COMPILER_GLOBAL_ACCENT_COLOR_NAME = AccentColor;
				CODE_SIGN_IDENTITY = "iPhone Developer";
				ENABLE_PREVIEWS = YES;
				GENERATE_INFOPLIST_FILE = NO;
				INFOPLIST_FILE = Filmowo/Info.plist;
				LD_RUNPATH_SEARCH_PATHS = (
					"$(inherited)",
					"@executable_path/Frameworks",
				);
				PRODUCT_BUNDLE_IDENTIFIER = pl.filmowo.Filmowo;
				SDKROOT = iphoneos;
				TARGETED_DEVICE_FAMILY = "1,2";
			};
			name = Debug;
		};
/* End XCBuildConfiguration section */

/* Begin XCConfigurationList section */
		0951FA750492D2DB2EA63499 /* Build configuration list for PBXNativeTarget "FilmowoUITests" */ = {
			isa = XCConfigurationList;
			buildConfigurations = (
				7847CA3F422A1FB4C7BE80D3 /* Debug */,
				18A3739D177FD68E6BAD178A /* Release */,
			);
			defaultConfigurationIsVisible = 0;
			defaultConfigurationName = Debug;
		};
		156F6AE58853FAAF384FFDC3 /* Build configuration list for PBXProject "Filmowo" */ = {
			isa = XCConfigurationList;
			buildConfigurations = (
				36190D4A36304499C460771B /* Debug */,
				5F7D20C347B6D6BBD32CF620 /* Release */,
			);
			defaultConfigurationIsVisible = 0;
			defaultConfigurationName = Debug;
		};
		D99717A0AA9AE0B744A59D5F /* Build configuration list for PBXNativeTarget "FilmowoTests" */ = {
			isa = XCConfigurationList;
			buildConfigurations = (
				2EDE8AD77A3ED7D7CB9460FE /* Debug */,
				B258D7C96F2053B79A2039A9 /* Release */,
			);
			defaultConfigurationIsVisible = 0;
			defaultConfigurationName = Debug;
		};
		E8EB70D218E4919EE83C9D72 /* Build configuration list for PBXNativeTarget "Filmowo" */ = {
			isa = XCConfigurationList;
			buildConfigurations = (
				ECD2F6F19B9ECD92A6F2949F /* Debug */,
				A2A1A36BA74445145B3D52CE /* Release */,
			);
			defaultConfigurationIsVisible = 0;
			defaultConfigurationName = Debug;
		};
/* End XCConfigurationList section */
	};
	rootObject = 12F0ECBF9291D0094A9E047F /* Project object */;
}
