// !$*UTF8*$!
{
	archiveVersion = 1;
	classes = {
	};
	objectVersion = 77;
	objects = {

/* Begin PBXBuildFile section */
		004B014D0AAC29F146779538 /* CardView.swift in Sources */ = {isa = PBXBuildFile; fileRef = 3BDA064E8531145F61DED250 /* CardView.swift */; };
		00EA197B0BB98DE0172A6236 /* LocationRegionSource.swift in Sources */ = {isa = PBXBuildFile; fileRef = 640BEC22E5E045C4BC5EA658 /* LocationRegionSource.swift */; };
		0A6DE25B69575A514E33CB61 /* StreamingOpen.swift in Sources */ = {isa = PBXBuildFile; fileRef = 7B34728C11973C66FCA7B9CC /* StreamingOpen.swift */; };
		0B3FE73890294EA88F67EA61 /* SettingsView.swift in Sources */ = {isa = PBXBuildFile; fileRef = A8EA6323985747B5FD6702F0 /* SettingsView.swift */; };
		26BF511B781D1C67DE04EA1F /* SettingsStore.swift in Sources */ = {isa = PBXBuildFile; fileRef = 843B128BB3832005924CF81C /* SettingsStore.swift */; };
		27A86630C372D1D340E74869 /* SearchStore.swift in Sources */ = {isa = PBXBuildFile; fileRef = 6AC9527CFBA94406F7487E26 /* SearchStore.swift */; };
		2850193A8F71697D5536AF64 /* DiscoverStore.swift in Sources */ = {isa = PBXBuildFile; fileRef = BDAB4A8FC35754DC123F36E6 /* DiscoverStore.swift */; };
		2D70C22487B10D82E5AD4858 /* RateStars.swift in Sources */ = {isa = PBXBuildFile; fileRef = 7B30ADA08055813C7B38ED7A /* RateStars.swift */; };
		30CCA2861A0B9CAA4D41AFF8 /* SearchView.swift in Sources */ = {isa = PBXBuildFile; fileRef = 4627A5A0C2F8CDC317E2695E /* SearchView.swift */; };
		371C629EF39D5F021B201D40 /* Assets.xcassets in Resources */ = {isa = PBXBuildFile; fileRef = F04DD2F3D03BC136C540D70B /* Assets.xcassets */; };
		38C361246034B0934B852CB8 /* Localization.swift in Sources */ = {isa = PBXBuildFile; fileRef = F3B1AB92B1F064547BA548DC /* Localization.swift */; };
		4610262F32B3DA70E5D8D704 /* FilmowoApp.swift in Sources */ = {isa = PBXBuildFile; fileRef = 50F404784530ADEDAE519851 /* FilmowoApp.swift */; };
		475E8F2C9EE155F3913A517B /* PosterStore.swift in Sources */ = {isa = PBXBuildFile; fileRef = 8D046E06B1709EAB2F02F5AB /* PosterStore.swift */; };
		4A33079419E3ABE6B08A77D0 /* DiscoverView.swift in Sources */ = {isa = PBXBuildFile; fileRef = 4C12FB67116791F24FE6FB79 /* DiscoverView.swift */; };
		61B448BF2A140F330E4A113C /* WatchlistStore.swift in Sources */ = {isa = PBXBuildFile; fileRef = 1C7B5D7E337A2061945F0418 /* WatchlistStore.swift */; };
		70F30F3106DEF2CB8BD915D4 /* RateStarsTests.swift in Sources */ = {isa = PBXBuildFile; fileRef = EB4DE365394041A520B76DA3 /* RateStarsTests.swift */; };
		752C03B75CA70E5EFE3B6ED4 /* FilmowoClient.swift in Sources */ = {isa = PBXBuildFile; fileRef = 001FF82D30B022693ABD8C5C /* FilmowoClient.swift */; };
		787770015289E08BD83C01F8 /* LaunchUITests.swift in Sources */ = {isa = PBXBuildFile; fileRef = 04A42284F5F87007B6C6FF45 /* LaunchUITests.swift */; };
		797596C045965B6FA8C56CE9 /* UITestSupport.swift in Sources */ = {isa = PBXBuildFile; fileRef = D3EA2E73C462980C310545B5 /* UITestSupport.swift */; };
		91975556CC0FD4FA1B937AA8 /* UITestStub.swift in Sources */ = {isa = PBXBuildFile; fileRef = 28E307C789B724DBDAEBC8DB /* UITestStub.swift */; };
		93120CF232896067A891A10D /* DiscoverStoreTests.swift in Sources */ = {isa = PBXBuildFile; fileRef = 9E73F47B09C3182CF76A051E /* DiscoverStoreTests.swift */; };
		9BF831634BFEB626D1757C77 /* CountryCatalog.swift in Sources */ = {isa = PBXBuildFile; fileRef = B4C56ECC26AA731DAC9CFF53 /* CountryCatalog.swift */; };
		9FEC451C0A8C9267AABE3C40 /* FilmowoCore in Frameworks */ = {isa = PBXBuildFile; productRef = 921D1DBD9B8BCACDE0328299 /* FilmowoCore */; };
		A0A9F5107E1A9052440B836D /* FilmowoClientTests.swift in Sources */ = {isa = PBXBuildFile; fileRef = A1EB6FE38B136B883276683E /* FilmowoClientTests.swift */; };
		AA1130E409AD6147D6746CA0 /* RatingsStore.swift in Sources */ = {isa = PBXBuildFile; fileRef = 09B244FE23C31B4779A9B9E0 /* RatingsStore.swift */; };
		AE88497BD1BF56DC92197577 /* FlowLayout.swift in Sources */ = {isa = PBXBuildFile; fileRef = CDC0148F20B67B13708A0A17 /* FlowLayout.swift */; };
		B17793B4E9CF78B6B4EC223B /* PosterImage.swift in Sources */ = {isa = PBXBuildFile; fileRef = 8516F36FE1065B71FDA11532 /* PosterImage.swift */; };
		B1DCB3822FE0824FF80ED567 /* AccessibilityIdentifiers.swift in Sources */ = {isa = PBXBuildFile; fileRef = 35283668ABA5A9BC210D6158 /* AccessibilityIdentifiers.swift */; };
		B4BEC787E6074E57ED531983 /* AppModel.swift in Sources */ = {isa = PBXBuildFile; fileRef = 0CF3B7BAFE9D91DBC6CC57D1 /* AppModel.swift */; };
		BF4CE22480496B35034CCCBB /* MainTabView.swift in Sources */ = {isa = PBXBuildFile; fileRef = 37E297BFE28F4065A6017E22 /* MainTabView.swift */; };
		C053C98226BBAD11FAAA4769 /* AppModelTests.swift in Sources */ = {isa = PBXBuildFile; fileRef = EDAE005D6B6F853D2FB64D57 /* AppModelTests.swift */; };
		C5BFC02ED39DC7955AD858E8 /* RootView.swift in Sources */ = {isa = PBXBuildFile; fileRef = 7218C798A82711CE2A165D4B /* RootView.swift */; };
		C7B228C31037C4DBFCC1C5E3 /* OnboardingView.swift in Sources */ = {isa = PBXBuildFile; fileRef = 30A7E3603CDA9DDAFE5B62BF /* OnboardingView.swift */; };
		C8F1D707B4D57378D6668C82 /* WatchlistView.swift in Sources */ = {isa = PBXBuildFile; fileRef = 4361582255FA1B36483067B3 /* WatchlistView.swift */; };
		CF700B8D878D08E1A6BB0C21 /* DiscoverLayoutUITests.swift in Sources */ = {isa = PBXBuildFile; fileRef = 4FC1187A719F2FD25D57F1AD /* DiscoverLayoutUITests.swift */; };
		D363D6845F0477C6861515CB /* AuthService.swift in Sources */ = {isa = PBXBuildFile; fileRef = 338EFE9FB78467C9C4A0753B /* AuthService.swift */; };
		E645299722BC9B6BE794FDF8 /* RatingsView.swift in Sources */ = {isa = PBXBuildFile; fileRef = 17F774659FF5E09EEE898D04 /* RatingsView.swift */; };
		EC840382315F3BBE421933F4 /* TabsUITests.swift in Sources */ = {isa = PBXBuildFile; fileRef = 84786BE4F742B405D79D7E48 /* TabsUITests.swift */; };
		EF87F56991D9886B4F0816BA /* RateStarsDragUITests.swift in Sources */ = {isa = PBXBuildFile; fileRef = 7A335C1A5AD691E04D18A7AE /* RateStarsDragUITests.swift */; };
		F5EEB7DD69A56E1DC13EBC1E /* DiscoverFlowUITests.swift in Sources */ = {isa = PBXBuildFile; fileRef = D54F418094D292E901552A96 /* DiscoverFlowUITests.swift */; };
		FA9EE2253304CC66B1A9FC3C /* DetailSheet.swift in Sources */ = {isa = PBXBuildFile; fileRef = DBE91132606D22E239573FA3 /* DetailSheet.swift */; };
/* End PBXBuildFile section */

/* Begin PBXContainerItemProxy section */
		3BB0935ED40DA55078EF144D /* PBXContainerItemProxy */ = {
			isa = PBXContainerItemProxy;
			containerPortal = 12F0ECBF9291D0094A9E047F /* Project object */;
			proxyType = 1;
			remoteGlobalIDString = F4A1CA7826241D9DADDAFA48;
			remoteInfo = Filmowo;
		};
		63265C180AFAAC8C965A2FCE /* PBXContainerItemProxy */ = {
			isa = PBXContainerItemProxy;
			containerPortal = 12F0ECBF9291D0094A9E047F /* Project object */;
			proxyType = 1;
			remoteGlobalIDString = F4A1CA7826241D9DADDAFA48;
			remoteInfo = Filmowo;
		};
/* End PBXContainerItemProxy section */

/* Begin PBXFileReference section */
		001FF82D30B022693ABD8C5C /* FilmowoClient.swift */ = {isa = PBXFileReference; lastKnownFileType = sourcecode.swift; path = FilmowoClient.swift; sourceTree = "<group>"; };
		04A42284F5F87007B6C6FF45 /* LaunchUITests.swift */ = {isa = PBXFileReference; lastKnownFileType = sourcecode.swift; path = LaunchUITests.swift; sourceTree = "<group>"; };
		09B244FE23C31B4779A9B9E0 /* RatingsStore.swift */ = {isa = PBXFileReference; lastKnownFileType = sourcecode.swift; path = RatingsStore.swift; sourceTree = "<group>"; };
		0CF3B7BAFE9D91DBC6CC57D1 /* AppModel.swift */ = {isa = PBXFileReference; lastKnownFileType = sourcecode.swift; path = AppModel.swift; sourceTree = "<group>"; };
		17235E22E8D6B632118D558F /* Info.plist */ = {isa = PBXFileReference; lastKnownFileType = text.plist; path = Info.plist; sourceTree = "<group>"; };
		17F774659FF5E09EEE898D04 /* RatingsView.swift */ = {isa = PBXFileReference; lastKnownFileType = sourcecode.swift; path = RatingsView.swift; sourceTree = "<group>"; };
		1C7B5D7E337A2061945F0418 /* WatchlistStore.swift */ = {isa = PBXFileReference; lastKnownFileType = sourcecode.swift; path = WatchlistStore.swift; sourceTree = "<group>"; };
		28E307C789B724DBDAEBC8DB /* UITestStub.swift */ = {isa = PBXFileReference; lastKnownFileType = sourcecode.swift; path = UITestStub.swift; sourceTree = "<group>"; };
		30A7E3603CDA9DDAFE5B62BF /* OnboardingView.swift */ = {isa = PBXFileReference; lastKnownFileType = sourcecode.swift; path = OnboardingView.swift; sourceTree = "<group>"; };
		338EFE9FB78467C9C4A0753B /* AuthService.swift */ = {isa = PBXFileReference; lastKnownFileType = sourcecode.swift; path = AuthService.swift; sourceTree = "<group>"; };
		35283668ABA5A9BC210D6158 /* AccessibilityIdentifiers.swift */ = {isa = PBXFileReference; lastKnownFileType = sourcecode.swift; path = AccessibilityIdentifiers.swift; sourceTree = "<group>"; };
		37E297BFE28F4065A6017E22 /* MainTabView.swift */ = {isa = PBXFileReference; lastKnownFileType = sourcecode.swift; path = MainTabView.swift; sourceTree = "<group>"; };
		3BDA064E8531145F61DED250 /* CardView.swift */ = {isa = PBXFileReference; lastKnownFileType = sourcecode.swift; path = CardView.swift; sourceTree = "<group>"; };
		4361582255FA1B36483067B3 /* WatchlistView.swift */ = {isa = PBXFileReference; lastKnownFileType = sourcecode.swift; path = WatchlistView.swift; sourceTree = "<group>"; };
		4627A5A0C2F8CDC317E2695E /* SearchView.swift */ = {isa = PBXFileReference; lastKnownFileType = sourcecode.swift; path = SearchView.swift; sourceTree = "<group>"; };
		4857C9D9AEB52B8106BC3970 /* FilmowoUITests.xctest */ = {isa = PBXFileReference; includeInIndex = 0; lastKnownFileType = wrapper.cfbundle; path = FilmowoUITests.xctest; sourceTree = BUILT_PRODUCTS_DIR; };
		4C12FB67116791F24FE6FB79 /* DiscoverView.swift */ = {isa = PBXFileReference; lastKnownFileType = sourcecode.swift; path = DiscoverView.swift; sourceTree = "<group>"; };
		4FC1187A719F2FD25D57F1AD /* DiscoverLayoutUITests.swift */ = {isa = PBXFileReference; lastKnownFileType = sourcecode.swift; path = DiscoverLayoutUITests.swift; sourceTree = "<group>"; };
		50F404784530ADEDAE519851 /* FilmowoApp.swift */ = {isa = PBXFileReference; lastKnownFileType = sourcecode.swift; path = FilmowoApp.swift; sourceTree = "<group>"; };
		640BEC22E5E045C4BC5EA658 /* LocationRegionSource.swift */ = {isa = PBXFileReference; lastKnownFileType = sourcecode.swift; path = LocationRegionSource.swift; sourceTree = "<group>"; };
		6AC9527CFBA94406F7487E26 /* SearchStore.swift */ = {isa = PBXFileReference; lastKnownFileType = sourcecode.swift; path = SearchStore.swift; sourceTree = "<group>"; };
		7218C798A82711CE2A165D4B /* RootView.swift */ = {isa = PBXFileReference; lastKnownFileType = sourcecode.swift; path = RootView.swift; sourceTree = "<group>"; };
		7A335C1A5AD691E04D18A7AE /* RateStarsDragUITests.swift */ = {isa = PBXFileReference; lastKnownFileType = sourcecode.swift; path = RateStarsDragUITests.swift; sourceTree = "<group>"; };
		7B30ADA08055813C7B38ED7A /* RateStars.swift */ = {isa = PBXFileReference; lastKnownFileType = sourcecode.swift; path = RateStars.swift; sourceTree = "<group>"; };
		7B34728C11973C66FCA7B9CC /* StreamingOpen.swift */ = {isa = PBXFileReference; lastKnownFileType = sourcecode.swift; path = StreamingOpen.swift; sourceTree = "<group>"; };
		7BD8ABD7EBAB969DA4EEC02F /* ios */ = {isa = PBXFileReference; lastKnownFileType = folder; name = ios; path = .; sourceTree = SOURCE_ROOT; };
		83F46537A1D17468923528D7 /* Filmowo.app */ = {isa = PBXFileReference; includeInIndex = 0; lastKnownFileType = wrapper.application; path = Filmowo.app; sourceTree = BUILT_PRODUCTS_DIR; };
		843B128BB3832005924CF81C /* SettingsStore.swift */ = {isa = PBXFileReference; lastKnownFileType = sourcecode.swift; path = SettingsStore.swift; sourceTree = "<group>"; };
		84786BE4F742B405D79D7E48 /* TabsUITests.swift */ = {isa = PBXFileReference; lastKnownFileType = sourcecode.swift; path = TabsUITests.swift; sourceTree = "<group>"; };
		8516F36FE1065B71FDA11532 /* PosterImage.swift */ = {isa = PBXFileReference; lastKnownFileType = sourcecode.swift; path = PosterImage.swift; sourceTree = "<group>"; };
		8D046E06B1709EAB2F02F5AB /* PosterStore.swift */ = {isa = PBXFileReference; lastKnownFileType = sourcecode.swift; path = PosterStore.swift; sourceTree = "<group>"; };
		9E73F47B09C3182CF76A051E /* DiscoverStoreTests.swift */ = {isa = PBXFileReference; lastKnownFileType = sourcecode.swift; path = DiscoverStoreTests.swift; sourceTree = "<group>"; };
		A1EB6FE38B136B883276683E /* FilmowoClientTests.swift */ = {isa = PBXFileReference; lastKnownFileType = sourcecode.swift; path = FilmowoClientTests.swift; sourceTree = "<group>"; };
		A8EA6323985747B5FD6702F0 /* SettingsView.swift */ = {isa = PBXFileReference; lastKnownFileType = sourcecode.swift; path = SettingsView.swift; sourceTree = "<group>"; };
		B4C56ECC26AA731DAC9CFF53 /* CountryCatalog.swift */ = {isa = PBXFileReference; lastKnownFileType = sourcecode.swift; path = CountryCatalog.swift; sourceTree = "<group>"; };
		B79985D96654DA2492D6EB22 /* FilmowoTests.xctest */ = {isa = PBXFileReference; includeInIndex = 0; lastKnownFileType = wrapper.cfbundle; path = FilmowoTests.xctest; sourceTree = BUILT_PRODUCTS_DIR; };
		BDAB4A8FC35754DC123F36E6 /* DiscoverStore.swift */ = {isa = PBXFileReference; lastKnownFileType = sourcecode.swift; path = DiscoverStore.swift; sourceTree = "<group>"; };
		CDC0148F20B67B13708A0A17 /* FlowLayout.swift */ = {isa = PBXFileReference; lastKnownFileType = sourcecode.swift; path = FlowLayout.swift; sourceTree = "<group>"; };
		D3EA2E73C462980C310545B5 /* UITestSupport.swift */ = {isa = PBXFileReference; lastKnownFileType = sourcecode.swift; path = UITestSupport.swift; sourceTree = "<group>"; };
		D54F418094D292E901552A96 /* DiscoverFlowUITests.swift */ = {isa = PBXFileReference; lastKnownFileType = sourcecode.swift; path = DiscoverFlowUITests.swift; sourceTree = "<group>"; };
		DBE91132606D22E239573FA3 /* DetailSheet.swift */ = {isa = PBXFileReference; lastKnownFileType = sourcecode.swift; path = DetailSheet.swift; sourceTree = "<group>"; };
		EB4DE365394041A520B76DA3 /* RateStarsTests.swift */ = {isa = PBXFileReference; lastKnownFileType = sourcecode.swift; path = RateStarsTests.swift; sourceTree = "<group>"; };
		EDAE005D6B6F853D2FB64D57 /* AppModelTests.swift */ = {isa = PBXFileReference; lastKnownFileType = sourcecode.swift; path = AppModelTests.swift; sourceTree = "<group>"; };
		F04DD2F3D03BC136C540D70B /* Assets.xcassets */ = {isa = PBXFileReference; lastKnownFileType = folder.assetcatalog; path = Assets.xcassets; sourceTree = "<group>"; };
		F3B1AB92B1F064547BA548DC /* Localization.swift */ = {isa = PBXFileReference; lastKnownFileType = sourcecode.swift; path = Localization.swift; sourceTree = "<group>"; };
/* End PBXFileReference section */

/* Begin PBXFrameworksBuildPhase section */
		D781F12F2D3E54A162FBFF2A /* Frameworks */ = {
			isa = PBXFrameworksBuildPhase;
			buildActionMask = 2147483647;
			files = (
				9FEC451C0A8C9267AABE3C40 /* FilmowoCore in Frameworks */,
			);
			runOnlyForDeploymentPostprocessing = 0;
		};
/* End PBXFrameworksBuildPhase section */

/* Begin PBXGroup section */
		03C297045E3548D9C3A985B4 /* Views */ = {
			isa = PBXGroup;
			children = (
				3BDA064E8531145F61DED250 /* CardView.swift */,
				B4C56ECC26AA731DAC9CFF53 /* CountryCatalog.swift */,
				DBE91132606D22E239573FA3 /* DetailSheet.swift */,
				4C12FB67116791F24FE6FB79 /* DiscoverView.swift */,
				CDC0148F20B67B13708A0A17 /* FlowLayout.swift */,
				37E297BFE28F4065A6017E22 /* MainTabView.swift */,
				30A7E3603CDA9DDAFE5B62BF /* OnboardingView.swift */,
				7B30ADA08055813C7B38ED7A /* RateStars.swift */,
				17F774659FF5E09EEE898D04 /* RatingsView.swift */,
				4627A5A0C2F8CDC317E2695E /* SearchView.swift */,
				A8EA6323985747B5FD6702F0 /* SettingsView.swift */,
				7B34728C11973C66FCA7B9CC /* StreamingOpen.swift */,
				4361582255FA1B36483067B3 /* WatchlistView.swift */,
			);
			path = Views;
			sourceTree = "<group>";
		};
		1D6DB99186F68B1B9725E52D /* FilmowoUITests */ = {
			isa = PBXGroup;
			children = (
				D54F418094D292E901552A96 /* DiscoverFlowUITests.swift */,
				4FC1187A719F2FD25D57F1AD /* DiscoverLayoutUITests.swift */,
				04A42284F5F87007B6C6FF45 /* LaunchUITests.swift */,
				7A335C1A5AD691E04D18A7AE /* RateStarsDragUITests.swift */,
				84786BE4F742B405D79D7E48 /* TabsUITests.swift */,
				D3EA2E73C462980C310545B5 /* UITestSupport.swift */,
			);
			path = FilmowoUITests;
			sourceTree = "<group>";
		};
		2D73A727203D52C11D8F4FFC /* Location */ = {
			isa = PBXGroup;
			children = (
				640BEC22E5E045C4BC5EA658 /* LocationRegionSource.swift */,
			);
			path = Location;
			sourceTree = "<group>";
		};
		3E12BF5CC30AFC397D884DBF /* i18n */ = {
			isa = PBXGroup;
			children = (
				F3B1AB92B1F064547BA548DC /* Localization.swift */,
			);
			path = i18n;
			sourceTree = "<group>";
		};
		3F132A10C48ED772B2EE90AB /* Filmowo */ = {
			isa = PBXGroup;
			children = (
				35283668ABA5A9BC210D6158 /* AccessibilityIdentifiers.swift */,
				F04DD2F3D03BC136C540D70B /* Assets.xcassets */,
				50F404784530ADEDAE519851 /* FilmowoApp.swift */,
				17235E22E8D6B632118D558F /* Info.plist */,
				7218C798A82711CE2A165D4B /* RootView.swift */,
				CF1C87DC64F7062A844E2FC7 /* Auth */,
				3E12BF5CC30AFC397D884DBF /* i18n */,
				2D73A727203D52C11D8F4FFC /* Location */,
				E95732F04A0C1FFEC5DE8F9A /* Networking */,
				9E49645D6662A1CD3F2FA9DA /* Storage */,
				5DA6856EE91851E26B983F07 /* Testing */,
				03C297045E3548D9C3A985B4 /* Views */,
			);
			path = Filmowo;
			sourceTree = "<group>";
		};
		5DA6856EE91851E26B983F07 /* Testing */ = {
			isa = PBXGroup;
			children = (
				28E307C789B724DBDAEBC8DB /* UITestStub.swift */,
			);
			path = Testing;
			sourceTree = "<group>";
		};
		60C2BE36638FF5243B7B4FCE /* FilmowoTests */ = {
			isa = PBXGroup;
			children = (
				EDAE005D6B6F853D2FB64D57 /* AppModelTests.swift */,
				9E73F47B09C3182CF76A051E /* DiscoverStoreTests.swift */,
				A1EB6FE38B136B883276683E /* FilmowoClientTests.swift */,
				EB4DE365394041A520B76DA3 /* RateStarsTests.swift */,
			);
			path = FilmowoTests;
			sourceTree = "<group>";
		};
		950A0A211BE0B57688FC8056 /* Packages */ = {
			isa = PBXGroup;
			children = (
				7BD8ABD7EBAB969DA4EEC02F /* ios */,
			);
			name = Packages;
			sourceTree = "<group>";
		};
		9E49645D6662A1CD3F2FA9DA /* Storage */ = {
			isa = PBXGroup;
			children = (
				8516F36FE1065B71FDA11532 /* PosterImage.swift */,
				8D046E06B1709EAB2F02F5AB /* PosterStore.swift */,
			);
			path = Storage;
			sourceTree = "<group>";
		};
		9EBF712ABEE0E7CB2F7FB7B5 /* Products */ = {
			isa = PBXGroup;
			children = (
				83F46537A1D17468923528D7 /* Filmowo.app */,
				B79985D96654DA2492D6EB22 /* FilmowoTests.xctest */,
				4857C9D9AEB52B8106BC3970 /* FilmowoUITests.xctest */,
			);
			name = Products;
			sourceTree = "<group>";
		};
		A49ADB98668D1F4A6734A94B = {
			isa = PBXGroup;
			children = (
				3F132A10C48ED772B2EE90AB /* Filmowo */,
				60C2BE36638FF5243B7B4FCE /* FilmowoTests */,
				1D6DB99186F68B1B9725E52D /* FilmowoUITests */,
				950A0A211BE0B57688FC8056 /* Packages */,
				9EBF712ABEE0E7CB2F7FB7B5 /* Products */,
			);
			sourceTree = "<group>";
		};
		CF1C87DC64F7062A844E2FC7 /* Auth */ = {
			isa = PBXGroup;
			children = (
				338EFE9FB78467C9C4A0753B /* AuthService.swift */,
			);
			path = Auth;
			sourceTree = "<group>";
		};
		E95732F04A0C1FFEC5DE8F9A /* Networking */ = {
			isa = PBXGroup;
			children = (
				0CF3B7BAFE9D91DBC6CC57D1 /* AppModel.swift */,
				BDAB4A8FC35754DC123F36E6 /* DiscoverStore.swift */,
				001FF82D30B022693ABD8C5C /* FilmowoClient.swift */,
				09B244FE23C31B4779A9B9E0 /* RatingsStore.swift */,
				6AC9527CFBA94406F7487E26 /* SearchStore.swift */,
				843B128BB3832005924CF81C /* SettingsStore.swift */,
				1C7B5D7E337A2061945F0418 /* WatchlistStore.swift */,
			);
			path = Networking;
			sourceTree = "<group>";
		};
/* End PBXGroup section */

/* Begin PBXNativeTarget section */
		10E822B33DD37DDE186698E9 /* FilmowoUITests */ = {
			isa = PBXNativeTarget;
			buildConfigurationList = 0951FA750492D2DB2EA63499 /* Build configuration list for PBXNativeTarget "FilmowoUITests" */;
			buildPhases = (
				AAD835BBB653F93708D21F1C /* Sources */,
			);
			buildRules = (
			);
			dependencies = (
				B9D7B9D71EA2503D090FF845 /* PBXTargetDependency */,
			);
			name = FilmowoUITests;
			packageProductDependencies = (
			);
			productName = FilmowoUITests;
			productReference = 4857C9D9AEB52B8106BC3970 /* FilmowoUITests.xctest */;
			productType = "com.apple.product-type.bundle.ui-testing";
		};
		307999B2A1A3D2B3CC46FD6E /* FilmowoTests */ = {
			isa = PBXNativeTarget;
			buildConfigurationList = D99717A0AA9AE0B744A59D5F /* Build configuration list for PBXNativeTarget "FilmowoTests" */;
			buildPhases = (
				DA12A126D8FD7D73C4275734 /* Sources */,
			);
			buildRules = (
			);
			dependencies = (
				52C3061F75700501A98170F4 /* PBXTargetDependency */,
			);
			name = FilmowoTests;
			packageProductDependencies = (
			);
			productName = FilmowoTests;
			productReference = B79985D96654DA2492D6EB22 /* FilmowoTests.xctest */;
			productType = "com.apple.product-type.bundle.unit-test";
		};
		F4A1CA7826241D9DADDAFA48 /* Filmowo */ = {
			isa = PBXNativeTarget;
			buildConfigurationList = E8EB70D218E4919EE83C9D72 /* Build configuration list for PBXNativeTarget "Filmowo" */;
			buildPhases = (
				230F59E1CE319D34A5BC6F0C /* Sources */,
				46111E83EB65D23AA1DFE860 /* Resources */,
				D781F12F2D3E54A162FBFF2A /* Frameworks */,
			);
			buildRules = (
			);
			dependencies = (
			);
			name = Filmowo;
			packageProductDependencies = (
				921D1DBD9B8BCACDE0328299 /* FilmowoCore */,
			);
			productName = Filmowo;
			productReference = 83F46537A1D17468923528D7 /* Filmowo.app */;
			productType = "com.apple.product-type.application";
		};
/* End PBXNativeTarget section */

/* Begin PBXProject section */
		12F0ECBF9291D0094A9E047F /* Project object */ = {
			isa = PBXProject;
			attributes = {
				BuildIndependentTargetsInParallel = YES;
				LastUpgradeCheck = 1430;
				TargetAttributes = {
					10E822B33DD37DDE186698E9 = {
						ProvisioningStyle = Automatic;
						TestTargetID = F4A1CA7826241D9DADDAFA48;
					};
					307999B2A1A3D2B3CC46FD6E = {
						ProvisioningStyle = Automatic;
					};
					F4A1CA7826241D9DADDAFA48 = {
						ProvisioningStyle = Automatic;
					};
				};
			};
			buildConfigurationList = 156F6AE58853FAAF384FFDC3 /* Build configuration list for PBXProject "Filmowo" */;
			developmentRegion = en;
			hasScannedForEncodings = 0;
			knownRegions = (
				Base,
				en,
			);
			mainGroup = A49ADB98668D1F4A6734A94B;
			minimizedProjectReferenceProxies = 1;
			packageReferences = (
				CDAADDDDC6B3A1F0D9173728 /* XCLocalSwiftPackageReference "." */,
			);
			preferredProjectObjectVersion = 77;
			productRefGroup = 9EBF712ABEE0E7CB2F7FB7B5 /* Products */;
			projectDirPath = "";
			projectRoot = "";
			targets = (
				F4A1CA7826241D9DADDAFA48 /* Filmowo */,
				307999B2A1A3D2B3CC46FD6E /* FilmowoTests */,
				10E822B33DD37DDE186698E9 /* FilmowoUITests */,
			);
		};
/* End PBXProject section */

/* Begin PBXResourcesBuildPhase section */
		46111E83EB65D23AA1DFE860 /* Resources */ = {
			isa = PBXResourcesBuildPhase;
			buildActionMask = 2147483647;
			files = (
				371C629EF39D5F021B201D40 /* Assets.xcassets in Resources */,
			);
			runOnlyForDeploymentPostprocessing = 0;
		};
/* End PBXResourcesBuildPhase section */

/* Begin PBXSourcesBuildPhase section */
		230F59E1CE319D34A5BC6F0C /* Sources */ = {
			isa = PBXSourcesBuildPhase;
			buildActionMask = 2147483647;
			files = (
				B1DCB3822FE0824FF80ED567 /* AccessibilityIdentifiers.swift in Sources */,
				B4BEC787E6074E57ED531983 /* AppModel.swift in Sources */,
				D363D6845F0477C6861515CB /* AuthService.swift in Sources */,
				004B014D0AAC29F146779538 /* CardView.swift in Sources */,
				9BF831634BFEB626D1757C77 /* CountryCatalog.swift in Sources */,
				FA9EE2253304CC66B1A9FC3C /* DetailSheet.swift in Sources */,
				2850193A8F71697D5536AF64 /* DiscoverStore.swift in Sources */,
				4A33079419E3ABE6B08A77D0 /* DiscoverView.swift in Sources */,
				4610262F32B3DA70E5D8D704 /* FilmowoApp.swift in Sources */,
				752C03B75CA70E5EFE3B6ED4 /* FilmowoClient.swift in Sources */,
				AE88497BD1BF56DC92197577 /* FlowLayout.swift in Sources */,
				38C361246034B0934B852CB8 /* Localization.swift in Sources */,
				00EA197B0BB98DE0172A6236 /* LocationRegionSource.swift in Sources */,
				BF4CE22480496B35034CCCBB /* MainTabView.swift in Sources */,
				C7B228C31037C4DBFCC1C5E3 /* OnboardingView.swift in Sources */,
				B17793B4E9CF78B6B4EC223B /* PosterImage.swift in Sources */,
				475E8F2C9EE155F3913A517B /* PosterStore.swift in Sources */,
				2D70C22487B10D82E5AD4858 /* RateStars.swift in Sources */,
				AA1130E409AD6147D6746CA0 /* RatingsStore.swift in Sources */,
				E645299722BC9B6BE794FDF8 /* RatingsView.swift in Sources */,
				C5BFC02ED39DC7955AD858E8 /* RootView.swift in Sources */,
				27A86630C372D1D340E74869 /* SearchStore.swift in Sources */,
				30CCA2861A0B9CAA4D41AFF8 /* SearchView.swift in Sources */,
				26BF511B781D1C67DE04EA1F /* SettingsStore.swift in Sources */,
				0B3FE73890294EA88F67EA61 /* SettingsView.swift in Sources */,
				0A6DE25B69575A514E33CB61 /* StreamingOpen.swift in Sources */,
				91975556CC0FD4FA1B937AA8 /* UITestStub.swift in Sources */,
				61B448BF2A140F330E4A113C /* WatchlistStore.swift in Sources */,
				C8F1D707B4D57378D6668C82 /* WatchlistView.swift in Sources */,
			);
			runOnlyForDeploymentPostprocessing = 0;
		};
		AAD835BBB653F93708D21F1C /* Sources */ = {
			isa = PBXSourcesBuildPhase;
			buildActionMask = 2147483647;
			files = (
				F5EEB7DD69A56E1DC13EBC1E /* DiscoverFlowUITests.swift in Sources */,
				CF700B8D878D08E1A6BB0C21 /* DiscoverLayoutUITests.swift in Sources */,
				787770015289E08BD83C01F8 /* LaunchUITests.swift in Sources */,
				EF87F56991D9886B4F0816BA /* RateStarsDragUITests.swift in Sources */,
				EC840382315F3BBE421933F4 /* TabsUITests.swift in Sources */,
				797596C045965B6FA8C56CE9 /* UITestSupport.swift in Sources */,
			);
			runOnlyForDeploymentPostprocessing = 0;
		};
		DA12A126D8FD7D73C4275734 /* Sources */ = {
			isa = PBXSourcesBuildPhase;
			buildActionMask = 2147483647;
			files = (
				C053C98226BBAD11FAAA4769 /* AppModelTests.swift in Sources */,
				93120CF232896067A891A10D /* DiscoverStoreTests.swift in Sources */,
				A0A9F5107E1A9052440B836D /* FilmowoClientTests.swift in Sources */,
				70F30F3106DEF2CB8BD915D4 /* RateStarsTests.swift in Sources */,
			);
			runOnlyForDeploymentPostprocessing = 0;
		};
/* End PBXSourcesBuildPhase section */

/* Begin PBXTargetDependency section */
		52C3061F75700501A98170F4 /* PBXTargetDependency */ = {
			isa = PBXTargetDependency;
			target = F4A1CA7826241D9DADDAFA48 /* Filmowo */;
			targetProxy = 63265C180AFAAC8C965A2FCE /* PBXContainerItemProxy */;
		};
		B9D7B9D71EA2503D090FF845 /* PBXTargetDependency */ = {
			isa = PBXTargetDependency;
			target = F4A1CA7826241D9DADDAFA48 /* Filmowo */;
			targetProxy = 3BB0935ED40DA55078EF144D /* PBXContainerItemProxy */;
		};
/* End PBXTargetDependency section */

/* Begin XCBuildConfiguration section */
		18A3739D177FD68E6BAD178A /* Release */ = {
			isa = XCBuildConfiguration;
			buildSettings = {
				BUNDLE_LOADER = "$(TEST_HOST)";
				GENERATE_INFOPLIST_FILE = YES;
				LD_RUNPATH_SEARCH_PATHS = (
					"$(inherited)",
					"@executable_path/Frameworks",
					"@loader_path/Frameworks",
				);
				PRODUCT_BUNDLE_IDENTIFIER = pl.filmowo.FilmowoUITests;
				SDKROOT = iphoneos;
				TARGETED_DEVICE_FAMILY = "1,2";
				TEST_TARGET_NAME = Filmowo;
			};
			name = Release;
		};
		2EDE8AD77A3ED7D7CB9460FE /* Debug */ = {
			isa = XCBuildConfiguration;
			buildSettings = {
				BUNDLE_LOADER = "$(TEST_HOST)";
				GENERATE_INFOPLIST_FILE = YES;
				LD_RUNPATH_SEARCH_PATHS = (
					"$(inherited)",
					"@executable_path/Frameworks",
					"@loader_path/Frameworks",
				);
				PRODUCT_BUNDLE_IDENTIFIER = pl.filmowo.FilmowoTests;
				SDKROOT = iphoneos;
				TARGETED_DEVICE_FAMILY = "1,2";
				TEST_HOST = "$(BUILT_PRODUCTS_DIR)/Filmowo.app/$(BUNDLE_EXECUTABLE_FOLDER_PATH)/Filmowo";
			};
			name = Debug;
		};
		36190D4A36304499C460771B /* Debug */ = {
			isa = XCBuildConfiguration;
			buildSettings = {
				ALWAYS_SEARCH_USER_PATHS = NO;
				CLANG_ANALYZER_NONNULL = YES;
				CLANG_ANALYZER_NUMBER_OBJECT_CONVERSION = YES_AGGRESSIVE;
				CLANG_CXX_LANGUAGE_STANDARD = "gnu++14";
				CLANG_CXX_LIBRARY = "libc++";
				CLANG_ENABLE_MODULES = YES;
				CLANG_ENABLE_OBJC_ARC = YES;
				CLANG_ENABLE_OBJC_WEAK = YES;
				CLANG_WARN_BLOCK_CAPTURE_AUTORELEASING = YES;
				CLANG_WARN_BOOL_CONVERSION = YES;
				CLANG_WARN_COMMA = YES;
				CLANG_WARN_CONSTANT_CONVERSION = YES;
				CLANG_WARN_DEPRECATED_OBJC_IMPLEMENTATIONS = YES;
				CLANG_WARN_DIRECT_OBJC_ISA_USAGE = YES_ERROR;
				CLANG_WARN_DOCUMENTATION_COMMENTS = YES;
				CLANG_WARN_EMPTY_BODY = YES;
				CLANG_WARN_ENUM_CONVERSION = YES;
				CLANG_WARN_INFINITE_RECURSION = YES;
				CLANG_WARN_INT_CONVERSION = YES;
				CLANG_WARN_NON_LITERAL_NULL_CONVERSION = YES;
				CLANG_WARN_OBJC_IMPLICIT_RETAIN_SELF = YES;
				CLANG_WARN_OBJC_LITERAL_CONVERSION = YES;
				CLANG_WARN_OBJC_ROOT_CLASS = YES_ERROR;
				CLANG_WARN_QUOTED_INCLUDE_IN_FRAMEWORK_HEADER = YES;
				CLANG_WARN_RANGE_LOOP_ANALYSIS = YES;
				CLANG_WARN_STRICT_PROTOTYPES = YES;
				CLANG_WARN_SUSPICIOUS_MOVE = YES;
				CLANG_WARN_UNGUARDED_AVAILABILITY = YES_AGGRESSIVE;
				CLANG_WARN_UNREACHABLE_CODE = YES;
				CLANG_WARN__DUPLICATE_METHOD_MATCH = YES;
				CODE_SIGN_STYLE = Automatic;
				COPY_PHASE_STRIP = NO;
				CURRENT_PROJECT_VERSION = 1;
				DEBUG_INFORMATION_FORMAT = dwarf;
				ENABLE_STRICT_OBJC_MSGSEND = YES;
				ENABLE_TESTABILITY = YES;
				GCC_C_LANGUAGE_STANDARD = gnu11;
				GCC_DYNAMIC_NO_PIC = NO;
				GCC_NO_COMMON_BLOCKS = YES;
				GCC_OPTIMIZATION_LEVEL = 0;
				GCC_PREPROCESSOR_DEFINITIONS = (
					"$(inherited)",
					"DEBUG=1",
				);
				GCC_WARN_64_TO_32_BIT_CONVERSION = YES;
				GCC_WARN_ABOUT_RETURN_TYPE = YES_ERROR;
				GCC_WARN_UNDECLARED_SELECTOR = YES;
				GCC_WARN_UNINITIALIZED_AUTOS = YES_AGGRESSIVE;
				GCC_WARN_UNUSED_FUNCTION = YES;
				GCC_WARN_UNUSED_VARIABLE = YES;
				IPHONEOS_DEPLOYMENT_TARGET = 16.0;
				MARKETING_VERSION = 1.0;
				MTL_ENABLE_DEBUG_INFO = INCLUDE_SOURCE;
				MTL_FAST_MATH = YES;
				ONLY_ACTIVE_ARCH = YES;
				PRODUCT_NAME = "$(TARGET_NAME)";
				SDKROOT = iphoneos;
				SWIFT_ACTIVE_COMPILATION_CONDITIONS = DEBUG;
				SWIFT_OPTIMIZATION_LEVEL = "-Onone";
				SWIFT_VERSION = 5.0;
				TARGETED_DEVICE_FAMILY = "1,2";
			};
			name = Debug;
		};
		5F7D20C347B6D6BBD32CF620 /* Release */ = {
			isa = XCBuildConfiguration;
			buildSettings = {
				ALWAYS_SEARCH_USER_PATHS = NO;
				CLANG_ANALYZER_NONNULL = YES;
				CLANG_ANALYZER_NUMBER_OBJECT_CONVERSION = YES_AGGRESSIVE;
				CLANG_CXX_LANGUAGE_STANDARD = "gnu++14";
				CLANG_CXX_LIBRARY = "libc++";
				CLANG_ENABLE_MODULES = YES;
				CLANG_ENABLE_OBJC_ARC = YES;
				CLANG_ENABLE_OBJC_WEAK = YES;
				CLANG_WARN_BLOCK_CAPTURE_AUTORELEASING = YES;
				CLANG_WARN_BOOL_CONVERSION = YES;
				CLANG_WARN_COMMA = YES;
				CLANG_WARN_CONSTANT_CONVERSION = YES;
				CLANG_WARN_DEPRECATED_OBJC_IMPLEMENTATIONS = YES;
				CLANG_WARN_DIRECT_OBJC_ISA_USAGE = YES_ERROR;
				CLANG_WARN_DOCUMENTATION_COMMENTS = YES;
				CLANG_WARN_EMPTY_BODY = YES;
				CLANG_WARN_ENUM_CONVERSION = YES;
				CLANG_WARN_INFINITE_RECURSION = YES;
				CLANG_WARN_INT_CONVERSION = YES;
				CLANG_WARN_NON_LITERAL_NULL_CONVERSION = YES;
				CLANG_WARN_OBJC_IMPLICIT_RETAIN_SELF = YES;
				CLANG_WARN_OBJC_LITERAL_CONVERSION = YES;
				CLANG_WARN_OBJC_ROOT_CLASS = YES_ERROR;
				CLANG_WARN_QUOTED_INCLUDE_IN_FRAMEWORK_HEADER = YES;
				CLANG_WARN_RANGE_LOOP_ANALYSIS = YES;
				CLANG_WARN_STRICT_PROTOTYPES = YES;
				CLANG_WARN_SUSPICIOUS_MOVE = YES;
				CLANG_WARN_UNGUARDED_AVAILABILITY = YES_AGGRESSIVE;
				CLANG_WARN_UNREACHABLE_CODE = YES;
				CLANG_WARN__DUPLICATE_METHOD_MATCH = YES;
				CODE_SIGN_STYLE = Automatic;
				COPY_PHASE_STRIP = NO;
				CURRENT_PROJECT_VERSION = 1;
				DEBUG_INFORMATION_FORMAT = "dwarf-with-dsym";
				ENABLE_NS_ASSERTIONS = NO;
				ENABLE_STRICT_OBJC_MSGSEND = YES;
				GCC_C_LANGUAGE_STANDARD = gnu11;
				GCC_NO_COMMON_BLOCKS = YES;
				GCC_WARN_64_TO_32_BIT_CONVERSION = YES;
				GCC_WARN_ABOUT_RETURN_TYPE = YES_ERROR;
				GCC_WARN_UNDECLARED_SELECTOR = YES;
				GCC_WARN_UNINITIALIZED_AUTOS = YES_AGGRESSIVE;
				GCC_WARN_UNUSED_FUNCTION = YES;
				GCC_WARN_UNUSED_VARIABLE = YES;
				IPHONEOS_DEPLOYMENT_TARGET = 16.0;
				MARKETING_VERSION = 1.0;
				MTL_ENABLE_DEBUG_INFO = NO;
				MTL_FAST_MATH = YES;
				PRODUCT_NAME = "$(TARGET_NAME)";
				SDKROOT = iphoneos;
				SWIFT_COMPILATION_MODE = wholemodule;
				SWIFT_OPTIMIZATION_LEVEL = "-O";
				SWIFT_VERSION = 5.0;
				TARGETED_DEVICE_FAMILY = "1,2";
			};
			name = Release;
		};
		7847CA3F422A1FB4C7BE80D3 /* Debug */ = {
			isa = XCBuildConfiguration;
			buildSettings = {
				BUNDLE_LOADER = "$(TEST_HOST)";
				GENERATE_INFOPLIST_FILE = YES;
				LD_RUNPATH_SEARCH_PATHS = (
					"$(inherited)",
					"@executable_path/Frameworks",
					"@loader_path/Frameworks",
				);
				PRODUCT_BUNDLE_IDENTIFIER = pl.filmowo.FilmowoUITests;
				SDKROOT = iphoneos;
				TARGETED_DEVICE_FAMILY = "1,2";
				TEST_TARGET_NAME = Filmowo;
			};
			name = Debug;
		};
		A2A1A36BA74445145B3D52CE /* Release */ = {
			isa = XCBuildConfiguration;
			buildSettings = {
				ASSETCATALOG_COMPILER_APPICON_NAME = AppIcon;
				ASSETCATALOG_COMPILER_GLOBAL_ACCENT_COLOR_NAME = AccentColor;
				CODE_SIGN_IDENTITY = "iPhone Developer";
				ENABLE_PREVIEWS = YES;
				GENERATE_INFOPLIST_FILE = NO;
				INFOPLIST_FILE = Filmowo/Info.plist;
				LD_RUNPATH_SEARCH_PATHS = (
					"$(inherited)",
					"@executable_path/Frameworks",
				);
				PRODUCT_BUNDLE_IDENTIFIER = pl.filmowo.Filmowo;
				SDKROOT = iphoneos;
				TARGETED_DEVICE_FAMILY = "1,2";
			};
			name = Release;
		};
		B258D7C96F2053B79A2039A9 /* Release */ = {
			isa = XCBuildConfiguration;
			buildSettings = {
				BUNDLE_LOADER = "$(TEST_HOST)";
				GENERATE_INFOPLIST_FILE = YES;
				LD_RUNPATH_SEARCH_PATHS = (
					"$(inherited)",
					"@executable_path/Frameworks",
					"@loader_path/Frameworks",
				);
				PRODUCT_BUNDLE_IDENTIFIER = pl.filmowo.FilmowoTests;
				SDKROOT = iphoneos;
				TARGETED_DEVICE_FAMILY = "1,2";
				TEST_HOST = "$(BUILT_PRODUCTS_DIR)/Filmowo.app/$(BUNDLE_EXECUTABLE_FOLDER_PATH)/Filmowo";
			};
			name = Release;
		};
		ECD2F6F19B9ECD92A6F2949F /* Debug */ = {
			isa = XCBuildConfiguration;
			buildSettings = {
				ASSETCATALOG_COMPILER_APPICON_NAME = AppIcon;
				ASSETCATALOG_COMPILER_GLOBAL_ACCENT_COLOR_NAME = AccentColor;
				CODE_SIGN_IDENTITY = "iPhone Developer";
				ENABLE_PREVIEWS = YES;
				GENERATE_INFOPLIST_FILE = NO;
				INFOPLIST_FILE = Filmowo/Info.plist;
				LD_RUNPATH_SEARCH_PATHS = (
					"$(inherited)",
					"@executable_path/Frameworks",
				);
				PRODUCT_BUNDLE_IDENTIFIER = pl.filmowo.Filmowo;
				SDKROOT = iphoneos;
				TARGETED_DEVICE_FAMILY = "1,2";
			};
			name = Debug;
		};
/* End XCBuildConfiguration section */

/* Begin XCConfigurationList section */
		0951FA750492D2DB2EA63499 /* Build configuration list for PBXNativeTarget "FilmowoUITests" */ = {
			isa = XCConfigurationList;
			buildConfigurations = (
				7847CA3F422A1FB4C7BE80D3 /* Debug */,
				18A3739D177FD68E6BAD178A /* Release */,
			);
			defaultConfigurationIsVisible = 0;
			defaultConfigurationName = Debug;
		};
		156F6AE58853FAAF384FFDC3 /* Build configuration list for PBXProject "Filmowo" */ = {
			isa = XCConfigurationList;
			buildConfigurations = (
				36190D4A36304499C460771B /* Debug */,
				5F7D20C347B6D6BBD32CF620 /* Release */,
			);
			defaultConfigurationIsVisible = 0;
			defaultConfigurationName = Debug;
		};
		D99717A0AA9AE0B744A59D5F /* Build configuration list for PBXNativeTarget "FilmowoTests" */ = {
			isa = XCConfigurationList;
			buildConfigurations = (
				2EDE8AD77A3ED7D7CB9460FE /* Debug */,
				B258D7C96F2053B79A2039A9 /* Release */,
			);
			defaultConfigurationIsVisible = 0;
			defaultConfigurationName = Debug;
		};
		E8EB70D218E4919EE83C9D72 /* Build configuration list for PBXNativeTarget "Filmowo" */ = {
			isa = XCConfigurationList;
			buildConfigurations = (
				ECD2F6F19B9ECD92A6F2949F /* Debug */,
				A2A1A36BA74445145B3D52CE /* Release */,
			);
			defaultConfigurationIsVisible = 0;
			defaultConfigurationName = Debug;
		};
/* End XCConfigurationList section */

/* Begin XCLocalSwiftPackageReference section */
		CDAADDDDC6B3A1F0D9173728 /* XCLocalSwiftPackageReference "." */ = {
			isa = XCLocalSwiftPackageReference;
			relativePath = .;
		};
/* End XCLocalSwiftPackageReference section */

/* Begin XCSwiftPackageProductDependency section */
		921D1DBD9B8BCACDE0328299 /* FilmowoCore */ = {
			isa = XCSwiftPackageProductDependency;
			productName = FilmowoCore;
		};
/* End XCSwiftPackageProductDependency section */
	};
	rootObject = 12F0ECBF9291D0094A9E047F /* Project object */;
}
